
Microsoft Visual Studio Solution File, Format Version 12.00
# Visual Studio Version 16
VisualStudioVersion = 16.0.31424.327
MinimumVisualStudioVersion = 10.0.40219.1
Project("{9A19103F-16F7-4668-BE54-9A1E7A4F7556}") = "EStockMarketCompanyService", "EStockMarketCompanyService\EStockMarketCompanyService.csproj", "{2FD3CC2D-B8CF-43ED-97E4-8F4B40717E1B}"
EndProject
Project("{9A19103F-16F7-4668-BE54-9A1E7A4F7556}") = "EStockMarketCompanyService.Domain", "EStockMarketCompanyService.Domain\EStockMarketCompanyService.Domain.csproj", "{937059D0-F406-469F-8054-1EE334752FB7}"
EndProject
Project("{9A19103F-16F7-4668-BE54-9A1E7A4F7556}") = "EStockMarketCompanyService.Infrastructure", "EStockMarketCompanyService.Infrastructure\EStockMarketCompanyService.Infrastructure.csproj", "{D0A46D55-1899-4EAC-97D7-AC26B783019B}"
EndProject
Project("{FAE04EC0-301F-11D3-BF4B-00C04F79EFBC}") = "EStockMarketCompanyService.Message.Send", "EStockMarketCompanyService.Message.Send\EStockMarketCompanyService.Message.Send.csproj", "{B6836537-FD9B-41B6-B823-2B5821E3D0B5}"
EndProject
Global
	GlobalSection(SolutionConfigurationPlatforms) = preSolution
		Debug|Any CPU = Debug|Any CPU
		Release|Any CPU = Release|Any CPU
	EndGlobalSection
	GlobalSection(ProjectConfigurationPlatforms) = postSolution
		{2FD3CC2D-B8CF-43ED-97E4-8F4B40717E1B}.Debug|Any CPU.ActiveCfg = Debug|Any CPU
		{2FD3CC2D-B8CF-43ED-97E4-8F4B40717E1B}.Debug|Any CPU.Build.0 = Debug|Any CPU
		{2FD3CC2D-B8CF-43ED-97E4-8F4B40717E1B}.Release|Any CPU.ActiveCfg = Release|Any CPU
		{2FD3CC2D-B8CF-43ED-97E4-8F4B40717E1B}.Release|Any CPU.Build.0 = Release|Any CPU
		{937059D0-F406-469F-8054-1EE334752FB7}.Debug|Any CPU.ActiveCfg = Debug|Any CPU
		{937059D0-F406-469F-8054-1EE334752FB7}.Debug|Any CPU.Build.0 = Debug|Any CPU
		{937059D0-F406-469F-8054-1EE334752FB7}.Release|Any CPU.ActiveCfg = Release|Any CPU
		{937059D0-F406-469F-8054-1EE334752FB7}.Release|Any CPU.Build.0 = Release|Any CPU
		{D0A46D55-1899-4EAC-97D7-AC26B783019B}.Debug|Any CPU.ActiveCfg = Debug|Any CPU
		{D0A46D55-1899-4EAC-97D7-AC26B783019B}.Debug|Any CPU.Build.0 = Debug|Any CPU
		{D0A46D55-1899-4EAC-97D7-AC26B783019B}.Release|Any CPU.ActiveCfg = Release|Any CPU
		{D0A46D55-1899-4EAC-97D7-AC26B783019B}.Release|Any CPU.Build.0 = Release|Any CPU
		{B6836537-FD9B-41B6-B823-2B5821E3D0B5}.Debug|Any CPU.ActiveCfg = Debug|Any CPU
		{B6836537-FD9B-41B6-B823-2B5821E3D0B5}.Debug|Any CPU.Build.0 = Debug|Any CPU
		{B6836537-FD9B-41B6-B823-2B5821E3D0B5}.Release|Any CPU.ActiveCfg = Release|Any CPU
		{B6836537-FD9B-41B6-B823-2B5821E3D0B5}.Release|Any CPU.Build.0 = Release|Any CPU
	EndGlobalSection
	GlobalSection(SolutionProperties) = preSolution
		HideSolutionNode = FALSE
	EndGlobalSection
	GlobalSection(ExtensibilityGlobals) = postSolution
		SolutionGuid = {6C8CF25E-250E-4B98-B976-B061780A0BBB}
	EndGlobalSection
EndGlobal
